
Microsoft Visual Studio Solution File, Format Version 12.00
Project("{FAE04EC0-301F-11D3-BF4B-00C04F79EFBC}") = "HospitalApi", "Api\HospitalApi\HospitalApi.csproj", "{C1126316-7A8E-46BF-86A2-B6655B567E58}"
EndProject
Project("{FAE04EC0-301F-11D3-BF4B-00C04F79EFBC}") = "Core", "Api\Core\Core.csproj", "{8FE349B8-451F-4EB9-8464-B4FFB5F4E9A6}"
EndProject
Project("{FAE04EC0-301F-11D3-BF4B-00C04F79EFBC}") = "DAL", "Api\DAL\DAL.csproj", "{1D7B0731-7721-4BBA-A77A-8DF3C7E29C64}"
EndProject
Project("{FAE04EC0-301F-11D3-BF4B-00C04F79EFBC}") = "DALAbstractions", "Api\DALAbstractions\DALAbstractions.csproj", "{A209517F-4FA9-4C45-811D-B4C520A56EBE}"
EndProject
Project("{FAE04EC0-301F-11D3-BF4B-00C04F79EFBC}") = "BLL", "Api\BLL\BLL.csproj", "{F2C0120B-9265-44E4-B37D-872D61034674}"
EndProject
Project("{FAE04EC0-301F-11D3-BF4B-00C04F79EFBC}") = "BLLAbstractions", "Api\BLLAbstractions\BLLAbstractions.csproj", "{B941D8B1-095D-4034-A831-9CC20D6A5692}"
EndProject
Global
	GlobalSection(SolutionConfigurationPlatforms) = preSolution
		Debug|Any CPU = Debug|Any CPU
		Release|Any CPU = Release|Any CPU
	EndGlobalSection
	GlobalSection(ProjectConfigurationPlatforms) = postSolution
		{C1126316-7A8E-46BF-86A2-B6655B567E58}.Debug|Any CPU.ActiveCfg = Debug|Any CPU
		{C1126316-7A8E-46BF-86A2-B6655B567E58}.Debug|Any CPU.Build.0 = Debug|Any CPU
		{C1126316-7A8E-46BF-86A2-B6655B567E58}.Release|Any CPU.ActiveCfg = Release|Any CPU
		{C1126316-7A8E-46BF-86A2-B6655B567E58}.Release|Any CPU.Build.0 = Release|Any CPU
		{8FE349B8-451F-4EB9-8464-B4FFB5F4E9A6}.Debug|Any CPU.ActiveCfg = Debug|Any CPU
		{8FE349B8-451F-4EB9-8464-B4FFB5F4E9A6}.Debug|Any CPU.Build.0 = Debug|Any CPU
		{8FE349B8-451F-4EB9-8464-B4FFB5F4E9A6}.Release|Any CPU.ActiveCfg = Release|Any CPU
		{8FE349B8-451F-4EB9-8464-B4FFB5F4E9A6}.Release|Any CPU.Build.0 = Release|Any CPU
		{1D7B0731-7721-4BBA-A77A-8DF3C7E29C64}.Debug|Any CPU.ActiveCfg = Debug|Any CPU
		{1D7B0731-7721-4BBA-A77A-8DF3C7E29C64}.Debug|Any CPU.Build.0 = Debug|Any CPU
		{1D7B0731-7721-4BBA-A77A-8DF3C7E29C64}.Release|Any CPU.ActiveCfg = Release|Any CPU
		{1D7B0731-7721-4BBA-A77A-8DF3C7E29C64}.Release|Any CPU.Build.0 = Release|Any CPU
		{A209517F-4FA9-4C45-811D-B4C520A56EBE}.Debug|Any CPU.ActiveCfg = Debug|Any CPU
		{A209517F-4FA9-4C45-811D-B4C520A56EBE}.Debug|Any CPU.Build.0 = Debug|Any CPU
		{A209517F-4FA9-4C45-811D-B4C520A56EBE}.Release|Any CPU.ActiveCfg = Release|Any CPU
		{A209517F-4FA9-4C45-811D-B4C520A56EBE}.Release|Any CPU.Build.0 = Release|Any CPU
		{F2C0120B-9265-44E4-B37D-872D61034674}.Debug|Any CPU.ActiveCfg = Debug|Any CPU
		{F2C0120B-9265-44E4-B37D-872D61034674}.Debug|Any CPU.Build.0 = Debug|Any CPU
		{F2C0120B-9265-44E4-B37D-872D61034674}.Release|Any CPU.ActiveCfg = Release|Any CPU
		{F2C0120B-9265-44E4-B37D-872D61034674}.Release|Any CPU.Build.0 = Release|Any CPU
		{B941D8B1-095D-4034-A831-9CC20D6A5692}.Debug|Any CPU.ActiveCfg = Debug|Any CPU
		{B941D8B1-095D-4034-A831-9CC20D6A5692}.Debug|Any CPU.Build.0 = Debug|Any CPU
		{B941D8B1-095D-4034-A831-9CC20D6A5692}.Release|Any CPU.ActiveCfg = Release|Any CPU
		{B941D8B1-095D-4034-A831-9CC20D6A5692}.Release|Any CPU.Build.0 = Release|Any CPU
	EndGlobalSection
EndGlobal
